<?xml version="1.0" encoding="utf-8"?>
<Project ToolsVersion="4.0" xmlns="http://schemas.microsoft.com/developer/msbuild/2003">
  <ItemGroup>
    <Filter Include="源文件">
      <UniqueIdentifier>{4FC737F1-C7A5-4376-A066-2A32D752A2FF}</UniqueIdentifier>
      <Extensions>cpp;c;cc;cxx;def;odl;idl;hpj;bat;asm;asmx</Extensions>
    </Filter>
    <Filter Include="头文件">
      <UniqueIdentifier>{93995380-89BD-4b04-88EB-625FBE52EBFB}</UniqueIdentifier>
      <Extensions>h;hpp;hxx;hm;inl;inc;xsd</Extensions>
    </Filter>
    <Filter Include="资源文件">
      <UniqueIdentifier>{67DA6AB6-F800-4c08-8B7A-83BB121AAD01}</UniqueIdentifier>
      <Extensions>rc;ico;cur;bmp;dlg;rc2;rct;bin;rgs;gif;jpg;jpeg;jpe;resx;tiff;tif;png;wav;mfcribbon-ms</Extensions>
    </Filter>
  </ItemGroup>
  <ItemGroup>
    <Text Include="ReadMe.txt" />
  </ItemGroup>
  <ItemGroup>
    <ClInclude Include="ZhuHuiBeiShaDiaoARK.h">
      <Filter>头文件</Filter>
    </ClInclude>
    <ClInclude Include="ZhuHuiBeiShaDiaoARKDlg.h">
      <Filter>头文件</Filter>
    </ClInclude>
    <ClInclude Include="stdafx.h">
      <Filter>头文件</Filter>
    </ClInclude>
    <ClInclude Include="targetver.h">
      <Filter>头文件</Filter>
    </ClInclude>
    <ClInclude Include="Resource.h">
      <Filter>头文件</Filter>
    </ClInclude>
    <ClInclude Include="DLGPROCESS.h">
      <Filter>头文件</Filter>
    </ClInclude>
    <ClInclude Include="DLGKERNEL.h">
      <Filter>头文件</Filter>
    </ClInclude>
    <ClInclude Include="DlgDrvier.h">
      <Filter>头文件</Filter>
    </ClInclude>
    <ClInclude Include="DlgKernelHook.h">
      <Filter>头文件</Filter>
    </ClInclude>
    <ClInclude Include="DlgR3Hook.h">
      <Filter>头文件</Filter>
    </ClInclude>
    <ClInclude Include="DlgNetWork.h">
      <Filter>头文件</Filter>
    </ClInclude>
    <ClInclude Include="DlgFile.h">
      <Filter>头文件</Filter>
    </ClInclude>
    <ClInclude Include="DlgSystemStart.h">
      <Filter>头文件</Filter>
    </ClInclude>
    <ClInclude Include="DlgFunction.h">
      <Filter>头文件</Filter>
    </ClInclude>
    <ClInclude Include="DlgConfig.h">
      <Filter>头文件</Filter>
    </ClInclude>
    <ClInclude Include="DlgRoot.h">
      <Filter>头文件</Filter>
    </ClInclude>
    <ClInclude Include="DlgAuthor.h">
      <Filter>头文件</Filter>
    </ClInclude>
    <ClInclude Include="DlgSSDT.h">
      <Filter>头文件</Filter>
    </ClInclude>
    <ClInclude Include="DlgSSSDT.h">
      <Filter>头文件</Filter>
    </ClInclude>
    <ClInclude Include="MyListCtrl.h">
      <Filter>头文件</Filter>
    </ClInclude>
    <ClInclude Include="DlgModuleLooker.h">
      <Filter>头文件</Filter>
    </ClInclude>
    <ClInclude Include="DlgHandleLook.h">
      <Filter>头文件</Filter>
    </ClInclude>
    <ClInclude Include="DlgThreadLooker.h">
      <Filter>头文件</Filter>
    </ClInclude>
    <ClInclude Include="NtApi.h">
      <Filter>头文件</Filter>
    </ClInclude>
    <ClInclude Include="DlgDisPatch.h">
      <Filter>头文件</Filter>
    </ClInclude>
    <ClInclude Include="DlgObjectHook.h">
      <Filter>头文件</Filter>
    </ClInclude>
    <ClInclude Include="DlgObjectHandleLook.h">
      <Filter>头文件</Filter>
    </ClInclude>
    <ClInclude Include="DlgSystemCall.h">
      <Filter>头文件</Filter>
    </ClInclude>
    <ClInclude Include="DlgObCallbacks.h">
      <Filter>头文件</Filter>
    </ClInclude>
    <ClInclude Include="DlgWorkItemThread.h">
      <Filter>头文件</Filter>
    </ClInclude>
    <ClInclude Include="DlgMinifilter.h">
      <Filter>头文件</Filter>
    </ClInclude>
    <ClInclude Include="DlgDpcTimer.h">
      <Filter>头文件</Filter>
    </ClInclude>
    <ClInclude Include="DlgIOTimer.h">
      <Filter>头文件</Filter>
    </ClInclude>
  </ItemGroup>
  <ItemGroup>
    <ClCompile Include="ZhuHuiBeiShaDiaoARK.cpp">
      <Filter>源文件</Filter>
    </ClCompile>
    <ClCompile Include="ZhuHuiBeiShaDiaoARKDlg.cpp">
      <Filter>源文件</Filter>
    </ClCompile>
    <ClCompile Include="stdafx.cpp">
      <Filter>源文件</Filter>
    </ClCompile>
    <ClCompile Include="DLGPROCESS.cpp">
      <Filter>源文件</Filter>
    </ClCompile>
    <ClCompile Include="DLGKERNEL.cpp">
      <Filter>源文件</Filter>
    </ClCompile>
    <ClCompile Include="DlgDrvier.cpp">
      <Filter>源文件</Filter>
    </ClCompile>
    <ClCompile Include="DlgKernelHook.cpp">
      <Filter>源文件</Filter>
    </ClCompile>
    <ClCompile Include="DlgR3Hook.cpp">
      <Filter>源文件</Filter>
    </ClCompile>
    <ClCompile Include="DlgNetWork.cpp">
      <Filter>源文件</Filter>
    </ClCompile>
    <ClCompile Include="DlgFile.cpp">
      <Filter>源文件</Filter>
    </ClCompile>
    <ClCompile Include="DlgSystemStart.cpp">
      <Filter>源文件</Filter>
    </ClCompile>
    <ClCompile Include="DlgFunction.cpp">
      <Filter>源文件</Filter>
    </ClCompile>
    <ClCompile Include="DlgConfig.cpp">
      <Filter>源文件</Filter>
    </ClCompile>
    <ClCompile Include="DlgRoot.cpp">
      <Filter>源文件</Filter>
    </ClCompile>
    <ClCompile Include="DlgAuthor.cpp">
      <Filter>源文件</Filter>
    </ClCompile>
    <ClCompile Include="DlgSSDT.cpp">
      <Filter>源文件</Filter>
    </ClCompile>
    <ClCompile Include="DlgSSSDT.cpp">
      <Filter>源文件</Filter>
    </ClCompile>
    <ClCompile Include="MyListCtrl.cpp">
      <Filter>源文件</Filter>
    </ClCompile>
    <ClCompile Include="DlgModuleLooker.cpp">
      <Filter>源文件</Filter>
    </ClCompile>
    <ClCompile Include="DlgHandleLook.cpp">
      <Filter>源文件</Filter>
    </ClCompile>
    <ClCompile Include="DlgThreadLooker.cpp">
      <Filter>源文件</Filter>
    </ClCompile>
    <ClCompile Include="DlgDisPatch.cpp">
      <Filter>源文件</Filter>
    </ClCompile>
    <ClCompile Include="DlgObjectHook.cpp">
      <Filter>源文件</Filter>
    </ClCompile>
    <ClCompile Include="DlgObjectHandleLook.cpp">
      <Filter>源文件</Filter>
    </ClCompile>
    <ClCompile Include="DlgSystemCall.cpp">
      <Filter>源文件</Filter>
    </ClCompile>
    <ClCompile Include="DlgObCallbacks.cpp">
      <Filter>源文件</Filter>
    </ClCompile>
    <ClCompile Include="DlgWorkItemThread.cpp">
      <Filter>源文件</Filter>
    </ClCompile>
    <ClCompile Include="DlgMinifilter.cpp">
      <Filter>源文件</Filter>
    </ClCompile>
    <ClCompile Include="DlgDpcTimer.cpp">
      <Filter>源文件</Filter>
    </ClCompile>
    <ClCompile Include="DlgIOTimer.cpp">
      <Filter>源文件</Filter>
    </ClCompile>
  </ItemGroup>
  <ItemGroup>
    <ResourceCompile Include="ZhuHuiBeiShaDiaoARK.rc">
      <Filter>资源文件</Filter>
    </ResourceCompile>
  </ItemGroup>
  <ItemGroup>
    <None Include="res\ZhuHuiBeiShaDiaoARK.rc2">
      <Filter>资源文件</Filter>
    </None>
  </ItemGroup>
  <ItemGroup>
    <Image Include="res\ZhuHuiBeiShaDiaoARK.ico">
      <Filter>资源文件</Filter>
    </Image>
    <Image Include="res\ico.ico">
      <Filter>资源文件</Filter>
    </Image>
  </ItemGroup>
</Project>